
Microsoft Visual Studio Solution File, Format Version 12.00
# Visual Studio Version 17
VisualStudioVersion = 17.2.32630.192
MinimumVisualStudioVersion = 10.0.40219.1
Project("{FAE04EC0-301F-11D3-BF4B-00C04F79EFBC}") = "TaiAnhZaloADB", "TaiAnhZaloADB\TaiAnhZaloADB.csproj", "{001001AF-AE8F-4766-A3A8-7904A4323C74}"
EndProject
Global
	GlobalSection(SolutionConfigurationPlatforms) = preSolution
		Debug|Any CPU = Debug|Any CPU
		Release|Any CPU = Release|Any CPU
	EndGlobalSection
	GlobalSection(ProjectConfigurationPlatforms) = postSolution
		{001001AF-AE8F-4766-A3A8-7904A4323C74}.Debug|Any CPU.ActiveCfg = Debug|Any CPU
		{001001AF-AE8F-4766-A3A8-7904A4323C74}.Debug|Any CPU.Build.0 = Debug|Any CPU
		{001001AF-AE8F-4766-A3A8-7904A4323C74}.Release|Any CPU.ActiveCfg = Release|Any CPU
		{001001AF-AE8F-4766-A3A8-7904A4323C74}.Release|Any CPU.Build.0 = Release|Any CPU
	EndGlobalSection
	GlobalSection(SolutionProperties) = preSolution
		HideSolutionNode = FALSE
	EndGlobalSection
	GlobalSection(ExtensibilityGlobals) = postSolution
		SolutionGuid = {F5A87F4A-6A87-4E83-B07F-0E51026CADC8}
	EndGlobalSection
EndGlobal
